// !$*UTF8*$!
{
	archiveVersion = 1;
	classes = {
	};
	objectVersion = 56;
	objects = {

/* Begin PBXBuildFile section */
		043A40B629D21BB10014BBAE /* UserResponse.swift in Sources */ = {isa = PBXBuildFile; fileRef = 043A40B529D21BB10014BBAE /* UserResponse.swift */; };
		043A40BA29D225FF0014BBAE /* Shedule.swift in Sources */ = {isa = PBXBuildFile; fileRef = 043A40B929D225FF0014BBAE /* Shedule.swift */; };
		043A40BC29D249070014BBAE /* Keychain.swift in Sources */ = {isa = PBXBuildFile; fileRef = 043A40BB29D249070014BBAE /* Keychain.swift */; };
		043A40BE29D296BA0014BBAE /* Validating.swift in Sources */ = {isa = PBXBuildFile; fileRef = 043A40BD29D296BA0014BBAE /* Validating.swift */; };
		0469892A29D15049004DB7CE /* CalendarDay.swift in Sources */ = {isa = PBXBuildFile; fileRef = 0469892929D15049004DB7CE /* CalendarDay.swift */; };
		0469892E29D158F4004DB7CE /* CalendarTableViewCell.swift in Sources */ = {isa = PBXBuildFile; fileRef = 0469892C29D158F4004DB7CE /* CalendarTableViewCell.swift */; };
		0469892F29D158F4004DB7CE /* CalendarTableViewCell.xib in Resources */ = {isa = PBXBuildFile; fileRef = 0469892D29D158F4004DB7CE /* CalendarTableViewCell.xib */; };
		0469893329D1ED38004DB7CE /* Alert.swift in Sources */ = {isa = PBXBuildFile; fileRef = 0469893229D1ED38004DB7CE /* Alert.swift */; };
		0469893A29D1F933004DB7CE /* User.swift in Sources */ = {isa = PBXBuildFile; fileRef = 0469893929D1F933004DB7CE /* User.swift */; };
		0469893C29D1FDB8004DB7CE /* NetworkService.swift in Sources */ = {isa = PBXBuildFile; fileRef = 0469893B29D1FDB8004DB7CE /* NetworkService.swift */; };
		048D303129CF400600814285 /* AppDelegate.swift in Sources */ = {isa = PBXBuildFile; fileRef = 048D303029CF400600814285 /* AppDelegate.swift */; };
		048D303329CF400600814285 /* SceneDelegate.swift in Sources */ = {isa = PBXBuildFile; fileRef = 048D303229CF400600814285 /* SceneDelegate.swift */; };
		048D303529CF400600814285 /* ViewController.swift in Sources */ = {isa = PBXBuildFile; fileRef = 048D303429CF400600814285 /* ViewController.swift */; };
		048D303829CF400600814285 /* Main.storyboard in Resources */ = {isa = PBXBuildFile; fileRef = 048D303629CF400600814285 /* Main.storyboard */; };
		048D303A29CF400900814285 /* Assets.xcassets in Resources */ = {isa = PBXBuildFile; fileRef = 048D303929CF400900814285 /* Assets.xcassets */; };
		048D303D29CF400900814285 /* LaunchScreen.storyboard in Resources */ = {isa = PBXBuildFile; fileRef = 048D303B29CF400900814285 /* LaunchScreen.storyboard */; };
		04C8AD8C29CF54FF001EB3BC /* CalendarViewController.swift in Sources */ = {isa = PBXBuildFile; fileRef = 04C8AD8B29CF54FF001EB3BC /* CalendarViewController.swift */; };
		04C8AD9129CF5544001EB3BC /* Calendar.storyboard in Resources */ = {isa = PBXBuildFile; fileRef = 04C8AD9029CF5544001EB3BC /* Calendar.storyboard */; };
		04C8AD9529CFFBA3001EB3BC /* CalendarCollectionViewCell.swift in Sources */ = {isa = PBXBuildFile; fileRef = 04C8AD9329CFFBA3001EB3BC /* CalendarCollectionViewCell.swift */; };
		04C8AD9629CFFBA3001EB3BC /* CalendarCollectionViewCell.xib in Resources */ = {isa = PBXBuildFile; fileRef = 04C8AD9429CFFBA3001EB3BC /* CalendarCollectionViewCell.xib */; };
		04C8AD9829D117F4001EB3BC /* CalendarHelper.swift in Sources */ = {isa = PBXBuildFile; fileRef = 04C8AD9729D117F4001EB3BC /* CalendarHelper.swift */; };
		04D4312629D3358F00CBD9E9 /* Underline.swift in Sources */ = {isa = PBXBuildFile; fileRef = 04D4312529D3358F00CBD9E9 /* Underline.swift */; };
/* End PBXBuildFile section */

/* Begin PBXFileReference section */
		043A40B529D21BB10014BBAE /* UserResponse.swift */ = {isa = PBXFileReference; lastKnownFileType = sourcecode.swift; path = UserResponse.swift; sourceTree = "<group>"; };
		043A40B929D225FF0014BBAE /* Shedule.swift */ = {isa = PBXFileReference; lastKnownFileType = sourcecode.swift; path = Shedule.swift; sourceTree = "<group>"; };
		043A40BB29D249070014BBAE /* Keychain.swift */ = {isa = PBXFileReference; lastKnownFileType = sourcecode.swift; path = Keychain.swift; sourceTree = "<group>"; };
		043A40BD29D296BA0014BBAE /* Validating.swift */ = {isa = PBXFileReference; lastKnownFileType = sourcecode.swift; path = Validating.swift; sourceTree = "<group>"; };
		0469892929D15049004DB7CE /* CalendarDay.swift */ = {isa = PBXFileReference; lastKnownFileType = sourcecode.swift; path = CalendarDay.swift; sourceTree = "<group>"; };
		0469892C29D158F4004DB7CE /* CalendarTableViewCell.swift */ = {isa = PBXFileReference; lastKnownFileType = sourcecode.swift; path = CalendarTableViewCell.swift; sourceTree = "<group>"; };
		0469892D29D158F4004DB7CE /* CalendarTableViewCell.xib */ = {isa = PBXFileReference; lastKnownFileType = file.xib; path = CalendarTableViewCell.xib; sourceTree = "<group>"; };
		0469893229D1ED38004DB7CE /* Alert.swift */ = {isa = PBXFileReference; lastKnownFileType = sourcecode.swift; path = Alert.swift; sourceTree = "<group>"; };
		0469893929D1F933004DB7CE /* User.swift */ = {isa = PBXFileReference; lastKnownFileType = sourcecode.swift; path = User.swift; sourceTree = "<group>"; };
		0469893B29D1FDB8004DB7CE /* NetworkService.swift */ = {isa = PBXFileReference; lastKnownFileType = sourcecode.swift; path = NetworkService.swift; sourceTree = "<group>"; };
		048D302D29CF400600814285 /* iOSCodeChallange.app */ = {isa = PBXFileReference; explicitFileType = wrapper.application; includeInIndex = 0; path = iOSCodeChallange.app; sourceTree = BUILT_PRODUCTS_DIR; };
		048D303029CF400600814285 /* AppDelegate.swift */ = {isa = PBXFileReference; lastKnownFileType = sourcecode.swift; path = AppDelegate.swift; sourceTree = "<group>"; };
		048D303229CF400600814285 /* SceneDelegate.swift */ = {isa = PBXFileReference; lastKnownFileType = sourcecode.swift; path = SceneDelegate.swift; sourceTree = "<group>"; };
		048D303429CF400600814285 /* ViewController.swift */ = {isa = PBXFileReference; lastKnownFileType = sourcecode.swift; path = ViewController.swift; sourceTree = "<group>"; };
		048D303729CF400600814285 /* Base */ = {isa = PBXFileReference; lastKnownFileType = file.storyboard; name = Base; path = Base.lproj/Main.storyboard; sourceTree = "<group>"; };
		048D303929CF400900814285 /* Assets.xcassets */ = {isa = PBXFileReference; lastKnownFileType = folder.assetcatalog; path = Assets.xcassets; sourceTree = "<group>"; };
		048D303C29CF400900814285 /* Base */ = {isa = PBXFileReference; lastKnownFileType = file.storyboard; name = Base; path = Base.lproj/LaunchScreen.storyboard; sourceTree = "<group>"; };
		048D303E29CF400900814285 /* Info.plist */ = {isa = PBXFileReference; lastKnownFileType = text.plist.xml; path = Info.plist; sourceTree = "<group>"; };
		04C8AD8B29CF54FF001EB3BC /* CalendarViewController.swift */ = {isa = PBXFileReference; lastKnownFileType = sourcecode.swift; path = CalendarViewController.swift; sourceTree = "<group>"; };
		04C8AD9029CF5544001EB3BC /* Calendar.storyboard */ = {isa = PBXFileReference; lastKnownFileType = file.storyboard; path = Calendar.storyboard; sourceTree = "<group>"; };
		04C8AD9329CFFBA3001EB3BC /* CalendarCollectionViewCell.swift */ = {isa = PBXFileReference; lastKnownFileType = sourcecode.swift; path = CalendarCollectionViewCell.swift; sourceTree = "<group>"; };
		04C8AD9429CFFBA3001EB3BC /* CalendarCollectionViewCell.xib */ = {isa = PBXFileReference; lastKnownFileType = file.xib; path = CalendarCollectionViewCell.xib; sourceTree = "<group>"; };
		04C8AD9729D117F4001EB3BC /* CalendarHelper.swift */ = {isa = PBXFileReference; lastKnownFileType = sourcecode.swift; path = CalendarHelper.swift; sourceTree = "<group>"; };
		04D4312529D3358F00CBD9E9 /* Underline.swift */ = {isa = PBXFileReference; lastKnownFileType = sourcecode.swift; path = Underline.swift; sourceTree = "<group>"; };
/* End PBXFileReference section */

/* Begin PBXFrameworksBuildPhase section */
		048D302A29CF400600814285 /* Frameworks */ = {
			isa = PBXFrameworksBuildPhase;
			buildActionMask = 2147483647;
			files = (
			);
			runOnlyForDeploymentPostprocessing = 0;
		};
/* End PBXFrameworksBuildPhase section */

/* Begin PBXGroup section */
		0469892729D14EF0004DB7CE /* Helper */ = {
			isa = PBXGroup;
			children = (
				043A40BD29D296BA0014BBAE /* Validating.swift */,
				04C8AD9729D117F4001EB3BC /* CalendarHelper.swift */,
				043A40BB29D249070014BBAE /* Keychain.swift */,
			);
			path = Helper;
			sourceTree = "<group>";
		};
		0469892829D15035004DB7CE /* Models */ = {
			isa = PBXGroup;
			children = (
				0469893929D1F933004DB7CE /* User.swift */,
				043A40B529D21BB10014BBAE /* UserResponse.swift */,
				0469892929D15049004DB7CE /* CalendarDay.swift */,
				043A40B929D225FF0014BBAE /* Shedule.swift */,
			);
			path = Models;
			sourceTree = "<group>";
		};
		0469892B29D158A3004DB7CE /* CalendarTableViewCell */ = {
			isa = PBXGroup;
			children = (
				0469892C29D158F4004DB7CE /* CalendarTableViewCell.swift */,
				0469892D29D158F4004DB7CE /* CalendarTableViewCell.xib */,
			);
			path = CalendarTableViewCell;
			sourceTree = "<group>";
		};
		0469893429D1F20A004DB7CE /* Extension */ = {
			isa = PBXGroup;
			children = (
				04D4312429D3357400CBD9E9 /* ViewController */,
				04D4312329D3356B00CBD9E9 /* String */,
			);
			path = Extension;
			sourceTree = "<group>";
		};
		0469893529D1F411004DB7CE /* Networking */ = {
			isa = PBXGroup;
			children = (
				0469893B29D1FDB8004DB7CE /* NetworkService.swift */,
			);
			path = Networking;
			sourceTree = "<group>";
		};
		048D302429CF400600814285 = {
			isa = PBXGroup;
			children = (
				048D302F29CF400600814285 /* iOSCodeChallange */,
				048D302E29CF400600814285 /* Products */,
			);
			sourceTree = "<group>";
		};
		048D302E29CF400600814285 /* Products */ = {
			isa = PBXGroup;
			children = (
				048D302D29CF400600814285 /* iOSCodeChallange.app */,
			);
			name = Products;
			sourceTree = "<group>";
		};
		048D302F29CF400600814285 /* iOSCodeChallange */ = {
			isa = PBXGroup;
			children = (
				048D303029CF400600814285 /* AppDelegate.swift */,
				048D303229CF400600814285 /* SceneDelegate.swift */,
				0469893529D1F411004DB7CE /* Networking */,
				0469893429D1F20A004DB7CE /* Extension */,
				0469892729D14EF0004DB7CE /* Helper */,
				0469892829D15035004DB7CE /* Models */,
				04C8AD8829CF54B3001EB3BC /* Contorllers */,
				04C8AD8D29CF5509001EB3BC /* Views */,
				048D303929CF400900814285 /* Assets.xcassets */,
				048D303B29CF400900814285 /* LaunchScreen.storyboard */,
				048D303E29CF400900814285 /* Info.plist */,
			);
			path = iOSCodeChallange;
			sourceTree = "<group>";
		};
		04C8AD8829CF54B3001EB3BC /* Contorllers */ = {
			isa = PBXGroup;
			children = (
				04C8AD8929CF54C8001EB3BC /* LogIn */,
				04C8AD8A29CF54D5001EB3BC /* Calendar */,
			);
			path = Contorllers;
			sourceTree = "<group>";
		};
		04C8AD8929CF54C8001EB3BC /* LogIn */ = {
			isa = PBXGroup;
			children = (
				048D303429CF400600814285 /* ViewController.swift */,
			);
			path = LogIn;
			sourceTree = "<group>";
		};
		04C8AD8A29CF54D5001EB3BC /* Calendar */ = {
			isa = PBXGroup;
			children = (
				04C8AD8B29CF54FF001EB3BC /* CalendarViewController.swift */,
			);
			path = Calendar;
			sourceTree = "<group>";
		};
		04C8AD8D29CF5509001EB3BC /* Views */ = {
			isa = PBXGroup;
			children = (
				04C8AD8E29CF5514001EB3BC /* LogIn */,
				04C8AD8F29CF551D001EB3BC /* Calendar */,
			);
			path = Views;
			sourceTree = "<group>";
		};
		04C8AD8E29CF5514001EB3BC /* LogIn */ = {
			isa = PBXGroup;
			children = (
				048D303629CF400600814285 /* Main.storyboard */,
			);
			path = LogIn;
			sourceTree = "<group>";
		};
		04C8AD8F29CF551D001EB3BC /* Calendar */ = {
			isa = PBXGroup;
			children = (
				04C8AD9029CF5544001EB3BC /* Calendar.storyboard */,
				04C8AD9229CFFB2D001EB3BC /* CalendarCollectionViewCell */,
				0469892B29D158A3004DB7CE /* CalendarTableViewCell */,
			);
			path = Calendar;
			sourceTree = "<group>";
		};
		04C8AD9229CFFB2D001EB3BC /* CalendarCollectionViewCell */ = {
			isa = PBXGroup;
			children = (
				04C8AD9329CFFBA3001EB3BC /* CalendarCollectionViewCell.swift */,
				04C8AD9429CFFBA3001EB3BC /* CalendarCollectionViewCell.xib */,
			);
			path = CalendarCollectionViewCell;
			sourceTree = "<group>";
		};
		04D4312329D3356B00CBD9E9 /* String */ = {
			isa = PBXGroup;
			children = (
				04D4312529D3358F00CBD9E9 /* Underline.swift */,
			);
			path = String;
			sourceTree = "<group>";
		};
		04D4312429D3357400CBD9E9 /* ViewController */ = {
			isa = PBXGroup;
			children = (
				0469893229D1ED38004DB7CE /* Alert.swift */,
			);
			path = ViewController;
			sourceTree = "<group>";
		};
/* End PBXGroup section */

/* Begin PBXNativeTarget section */
		048D302C29CF400600814285 /* iOSCodeChallange */ = {
			isa = PBXNativeTarget;
			buildConfigurationList = 048D304129CF400900814285 /* Build configuration list for PBXNativeTarget "iOSCodeChallange" */;
			buildPhases = (
				048D302929CF400600814285 /* Sources */,
				048D302A29CF400600814285 /* Frameworks */,
				048D302B29CF400600814285 /* Resources */,
			);
			buildRules = (
			);
			dependencies = (
			);
			name = iOSCodeChallange;
			productName = iOSCodeChallange;
			productReference = 048D302D29CF400600814285 /* iOSCodeChallange.app */;
			productType = "com.apple.product-type.application";
		};
/* End PBXNativeTarget section */

/* Begin PBXProject section */
		048D302529CF400600814285 /* Project object */ = {
			isa = PBXProject;
			attributes = {
				BuildIndependentTargetsInParallel = 1;
				LastSwiftUpdateCheck = 1410;
				LastUpgradeCheck = 1410;
				TargetAttributes = {
					048D302C29CF400600814285 = {
						CreatedOnToolsVersion = 14.1;
					};
				};
			};
			buildConfigurationList = 048D302829CF400600814285 /* Build configuration list for PBXProject "iOSCodeChallange" */;
			compatibilityVersion = "Xcode 14.0";
			developmentRegion = en;
			hasScannedForEncodings = 0;
			knownRegions = (
				en,
				Base,
			);
			mainGroup = 048D302429CF400600814285;
			productRefGroup = 048D302E29CF400600814285 /* Products */;
			projectDirPath = "";
			projectRoot = "";
			targets = (
				048D302C29CF400600814285 /* iOSCodeChallange */,
			);
		};
/* End PBXProject section */

/* Begin PBXResourcesBuildPhase section */
		048D302B29CF400600814285 /* Resources */ = {
			isa = PBXResourcesBuildPhase;
			buildActionMask = 2147483647;
			files = (
				048D303D29CF400900814285 /* LaunchScreen.storyboard in Resources */,
				0469892F29D158F4004DB7CE /* CalendarTableViewCell.xib in Resources */,
				048D303A29CF400900814285 /* Assets.xcassets in Resources */,
				048D303829CF400600814285 /* Main.storyboard in Resources */,
				04C8AD9629CFFBA3001EB3BC /* CalendarCollectionViewCell.xib in Resources */,
				04C8AD9129CF5544001EB3BC /* Calendar.storyboard in Resources */,
			);
			runOnlyForDeploymentPostprocessing = 0;
		};
/* End PBXResourcesBuildPhase section */

/* Begin PBXSourcesBuildPhase section */
		048D302929CF400600814285 /* Sources */ = {
			isa = PBXSourcesBuildPhase;
			buildActionMask = 2147483647;
			files = (
				04D4312629D3358F00CBD9E9 /* Underline.swift in Sources */,
				0469893329D1ED38004DB7CE /* Alert.swift in Sources */,
				043A40B629D21BB10014BBAE /* UserResponse.swift in Sources */,
				043A40BE29D296BA0014BBAE /* Validating.swift in Sources */,
				048D303529CF400600814285 /* ViewController.swift in Sources */,
				048D303129CF400600814285 /* AppDelegate.swift in Sources */,
				0469893C29D1FDB8004DB7CE /* NetworkService.swift in Sources */,
				0469892A29D15049004DB7CE /* CalendarDay.swift in Sources */,
				0469892E29D158F4004DB7CE /* CalendarTableViewCell.swift in Sources */,
				048D303329CF400600814285 /* SceneDelegate.swift in Sources */,
				04C8AD9829D117F4001EB3BC /* CalendarHelper.swift in Sources */,
				04C8AD8C29CF54FF001EB3BC /* CalendarViewController.swift in Sources */,
				043A40BA29D225FF0014BBAE /* Shedule.swift in Sources */,
				04C8AD9529CFFBA3001EB3BC /* CalendarCollectionViewCell.swift in Sources */,
				0469893A29D1F933004DB7CE /* User.swift in Sources */,
				043A40BC29D249070014BBAE /* Keychain.swift in Sources */,
			);
			runOnlyForDeploymentPostprocessing = 0;
		};
/* End PBXSourcesBuildPhase section */

/* Begin PBXVariantGroup section */
		048D303629CF400600814285 /* Main.storyboard */ = {
			isa = PBXVariantGroup;
			children = (
				048D303729CF400600814285 /* Base */,
			);
			name = Main.storyboard;
			sourceTree = "<group>";
		};
		048D303B29CF400900814285 /* LaunchScreen.storyboard */ = {
			isa = PBXVariantGroup;
			children = (
				048D303C29CF400900814285 /* Base */,
			);
			name = LaunchScreen.storyboard;
			sourceTree = "<group>";
		};
/* End PBXVariantGroup section */

/* Begin XCBuildConfiguration section */
		048D303F29CF400900814285 /* Debug */ = {
			isa = XCBuildConfiguration;
			buildSettings = {
				ALWAYS_SEARCH_USER_PATHS = NO;
				CLANG_ANALYZER_NONNULL = YES;
				CLANG_ANALYZER_NUMBER_OBJECT_CONVERSION = YES_AGGRESSIVE;
				CLANG_CXX_LANGUAGE_STANDARD = "gnu++20";
				CLANG_ENABLE_MODULES = YES;
				CLANG_ENABLE_OBJC_ARC = YES;
				CLANG_ENABLE_OBJC_WEAK = YES;
				CLANG_WARN_BLOCK_CAPTURE_AUTORELEASING = YES;
				CLANG_WARN_BOOL_CONVERSION = YES;
				CLANG_WARN_COMMA = YES;
				CLANG_WARN_CONSTANT_CONVERSION = YES;
				CLANG_WARN_DEPRECATED_OBJC_IMPLEMENTATIONS = YES;
				CLANG_WARN_DIRECT_OBJC_ISA_USAGE = YES_ERROR;
				CLANG_WARN_DOCUMENTATION_COMMENTS = YES;
				CLANG_WARN_EMPTY_BODY = YES;
				CLANG_WARN_ENUM_CONVERSION = YES;
				CLANG_WARN_INFINITE_RECURSION = YES;
				CLANG_WARN_INT_CONVERSION = YES;
				CLANG_WARN_NON_LITERAL_NULL_CONVERSION = YES;
				CLANG_WARN_OBJC_IMPLICIT_RETAIN_SELF = YES;
				CLANG_WARN_OBJC_LITERAL_CONVERSION = YES;
				CLANG_WARN_OBJC_ROOT_CLASS = YES_ERROR;
				CLANG_WARN_QUOTED_INCLUDE_IN_FRAMEWORK_HEADER = YES;
				CLANG_WARN_RANGE_LOOP_ANALYSIS = YES;
				CLANG_WARN_STRICT_PROTOTYPES = YES;
				CLANG_WARN_SUSPICIOUS_MOVE = YES;
				CLANG_WARN_UNGUARDED_AVAILABILITY = YES_AGGRESSIVE;
				CLANG_WARN_UNREACHABLE_CODE = YES;
				CLANG_WARN__DUPLICATE_METHOD_MATCH = YES;
				COPY_PHASE_STRIP = NO;
				DEBUG_INFORMATION_FORMAT = dwarf;
				ENABLE_STRICT_OBJC_MSGSEND = YES;
				ENABLE_TESTABILITY = YES;
				GCC_C_LANGUAGE_STANDARD = gnu11;
				GCC_DYNAMIC_NO_PIC = NO;
				GCC_NO_COMMON_BLOCKS = YES;
				GCC_OPTIMIZATION_LEVEL = 0;
				GCC_PREPROCESSOR_DEFINITIONS = (
					"DEBUG=1",
					"$(inherited)",
				);
				GCC_WARN_64_TO_32_BIT_CONVERSION = YES;
				GCC_WARN_ABOUT_RETURN_TYPE = YES_ERROR;
				GCC_WARN_UNDECLARED_SELECTOR = YES;
				GCC_WARN_UNINITIALIZED_AUTOS = YES_AGGRESSIVE;
				GCC_WARN_UNUSED_FUNCTION = YES;
				GCC_WARN_UNUSED_VARIABLE = YES;
				IPHONEOS_DEPLOYMENT_TARGET = 16.1;
				MTL_ENABLE_DEBUG_INFO = INCLUDE_SOURCE;
				MTL_FAST_MATH = YES;
				ONLY_ACTIVE_ARCH = YES;
				SDKROOT = iphoneos;
				SWIFT_ACTIVE_COMPILATION_CONDITIONS = DEBUG;
				SWIFT_OPTIMIZATION_LEVEL = "-Onone";
			};
			name = Debug;
		};
		048D304029CF400900814285 /* Release */ = {
			isa = XCBuildConfiguration;
			buildSettings = {
				ALWAYS_SEARCH_USER_PATHS = NO;
				CLANG_ANALYZER_NONNULL = YES;
				CLANG_ANALYZER_NUMBER_OBJECT_CONVERSION = YES_AGGRESSIVE;
				CLANG_CXX_LANGUAGE_STANDARD = "gnu++20";
				CLANG_ENABLE_MODULES = YES;
				CLANG_ENABLE_OBJC_ARC = YES;
				CLANG_ENABLE_OBJC_WEAK = YES;
				CLANG_WARN_BLOCK_CAPTURE_AUTORELEASING = YES;
				CLANG_WARN_BOOL_CONVERSION = YES;
				CLANG_WARN_COMMA = YES;
				CLANG_WARN_CONSTANT_CONVERSION = YES;
				CLANG_WARN_DEPRECATED_OBJC_IMPLEMENTATIONS = YES;
				CLANG_WARN_DIRECT_OBJC_ISA_USAGE = YES_ERROR;
				CLANG_WARN_DOCUMENTATION_COMMENTS = YES;
				CLANG_WARN_EMPTY_BODY = YES;
				CLANG_WARN_ENUM_CONVERSION = YES;
				CLANG_WARN_INFINITE_RECURSION = YES;
				CLANG_WARN_INT_CONVERSION = YES;
				CLANG_WARN_NON_LITERAL_NULL_CONVERSION = YES;
				CLANG_WARN_OBJC_IMPLICIT_RETAIN_SELF = YES;
				CLANG_WARN_OBJC_LITERAL_CONVERSION = YES;
				CLANG_WARN_OBJC_ROOT_CLASS = YES_ERROR;
				CLANG_WARN_QUOTED_INCLUDE_IN_FRAMEWORK_HEADER = YES;
				CLANG_WARN_RANGE_LOOP_ANALYSIS = YES;
				CLANG_WARN_STRICT_PROTOTYPES = YES;
				CLANG_WARN_SUSPICIOUS_MOVE = YES;
				CLANG_WARN_UNGUARDED_AVAILABILITY = YES_AGGRESSIVE;
				CLANG_WARN_UNREACHABLE_CODE = YES;
				CLANG_WARN__DUPLICATE_METHOD_MATCH = YES;
				COPY_PHASE_STRIP = NO;
				DEBUG_INFORMATION_FORMAT = "dwarf-with-dsym";
				ENABLE_NS_ASSERTIONS = NO;
				ENABLE_STRICT_OBJC_MSGSEND = YES;
				GCC_C_LANGUAGE_STANDARD = gnu11;
				GCC_NO_COMMON_BLOCKS = YES;
				GCC_WARN_64_TO_32_BIT_CONVERSION = YES;
				GCC_WARN_ABOUT_RETURN_TYPE = YES_ERROR;
				GCC_WARN_UNDECLARED_SELECTOR = YES;
				GCC_WARN_UNINITIALIZED_AUTOS = YES_AGGRESSIVE;
				GCC_WARN_UNUSED_FUNCTION = YES;
				GCC_WARN_UNUSED_VARIABLE = YES;
				IPHONEOS_DEPLOYMENT_TARGET = 16.1;
				MTL_ENABLE_DEBUG_INFO = NO;
				MTL_FAST_MATH = YES;
				SDKROOT = iphoneos;
				SWIFT_COMPILATION_MODE = wholemodule;
				SWIFT_OPTIMIZATION_LEVEL = "-O";
				VALIDATE_PRODUCT = YES;
			};
			name = Release;
		};
		048D304229CF400900814285 /* Debug */ = {
			isa = XCBuildConfiguration;
			buildSettings = {
				ASSETCATALOG_COMPILER_APPICON_NAME = AppIcon;
				ASSETCATALOG_COMPILER_GLOBAL_ACCENT_COLOR_NAME = AccentColor;
				CODE_SIGN_STYLE = Automatic;
				CURRENT_PROJECT_VERSION = 1;
				DEVELOPMENT_TEAM = 2BA4KTCS56;
				GENERATE_INFOPLIST_FILE = YES;
				INFOPLIST_FILE = iOSCodeChallange/Info.plist;
				INFOPLIST_KEY_UIApplicationSupportsIndirectInputEvents = YES;
				INFOPLIST_KEY_UILaunchStoryboardName = LaunchScreen;
				INFOPLIST_KEY_UIMainStoryboardFile = Main;
				INFOPLIST_KEY_UISupportedInterfaceOrientations_iPad = "UIInterfaceOrientationPortrait UIInterfaceOrientationPortraitUpsideDown UIInterfaceOrientationLandscapeLeft UIInterfaceOrientationLandscapeRight";
				INFOPLIST_KEY_UISupportedInterfaceOrientations_iPhone = "UIInterfaceOrientationPortrait UIInterfaceOrientationLandscapeLeft UIInterfaceOrientationLandscapeRight";
				LD_RUNPATH_SEARCH_PATHS = (
					"$(inherited)",
					"@executable_path/Frameworks",
				);
				MARKETING_VERSION = 1.0;
				PRODUCT_BUNDLE_IDENTIFIER = com.MarianPliatsko.iOSCodeChallange;
				PRODUCT_NAME = "$(TARGET_NAME)";
				SWIFT_EMIT_LOC_STRINGS = YES;
				SWIFT_VERSION = 5.0;
				TARGETED_DEVICE_FAMILY = "1,2";
			};
			name = Debug;
		};
		048D304329CF400900814285 /* Release */ = {
			isa = XCBuildConfiguration;
			buildSettings = {
				ASSETCATALOG_COMPILER_APPICON_NAME = AppIcon;
				ASSETCATALOG_COMPILER_GLOBAL_ACCENT_COLOR_NAME = AccentColor;
				CODE_SIGN_STYLE = Automatic;
				CURRENT_PROJECT_VERSION = 1;
				DEVELOPMENT_TEAM = 2BA4KTCS56;
				GENERATE_INFOPLIST_FILE = YES;
				INFOPLIST_FILE = iOSCodeChallange/Info.plist;
				INFOPLIST_KEY_UIApplicationSupportsIndirectInputEvents = YES;
				INFOPLIST_KEY_UILaunchStoryboardName = LaunchScreen;
				INFOPLIST_KEY_UIMainStoryboardFile = Main;
				INFOPLIST_KEY_UISupportedInterfaceOrientations_iPad = "UIInterfaceOrientationPortrait UIInterfaceOrientationPortraitUpsideDown UIInterfaceOrientationLandscapeLeft UIInterfaceOrientationLandscapeRight";
				INFOPLIST_KEY_UISupportedInterfaceOrientations_iPhone = "UIInterfaceOrientationPortrait UIInterfaceOrientationLandscapeLeft UIInterfaceOrientationLandscapeRight";
				LD_RUNPATH_SEARCH_PATHS = (
					"$(inherited)",
					"@executable_path/Frameworks",
				);
				MARKETING_VERSION = 1.0;
				PRODUCT_BUNDLE_IDENTIFIER = com.MarianPliatsko.iOSCodeChallange;
				PRODUCT_NAME = "$(TARGET_NAME)";
				SWIFT_EMIT_LOC_STRINGS = YES;
				SWIFT_VERSION = 5.0;
				TARGETED_DEVICE_FAMILY = "1,2";
			};
			name = Release;
		};
/* End XCBuildConfiguration section */

/* Begin XCConfigurationList section */
		048D302829CF400600814285 /* Build configuration list for PBXProject "iOSCodeChallange" */ = {
			isa = XCConfigurationList;
			buildConfigurations = (
				048D303F29CF400900814285 /* Debug */,
				048D304029CF400900814285 /* Release */,
			);
			defaultConfigurationIsVisible = 0;
			defaultConfigurationName = Release;
		};
		048D304129CF400900814285 /* Build configuration list for PBXNativeTarget "iOSCodeChallange" */ = {
			isa = XCConfigurationList;
			buildConfigurations = (
				048D304229CF400900814285 /* Debug */,
				048D304329CF400900814285 /* Release */,
			);
			defaultConfigurationIsVisible = 0;
			defaultConfigurationName = Release;
		};
/* End XCConfigurationList section */
	};
	rootObject = 048D302529CF400600814285 /* Project object */;
}
